
Microsoft Visual Studio Solution File, Format Version 12.00
# Visual Studio Version 17
VisualStudioVersion = 17.2.32616.157
MinimumVisualStudioVersion = 10.0.40219.1
Project("{FAE04EC0-301F-11D3-BF4B-00C04F79EFBC}") = "HangfireDemo", "HangfireDemo.csproj", "{439FB011-F8C3-40CA-859A-C4C2B3674865}"
EndProject
Global
	GlobalSection(SolutionConfigurationPlatforms) = preSolution
		Debug|Any CPU = Debug|Any CPU
		Release|Any CPU = Release|Any CPU
	EndGlobalSection
	GlobalSection(ProjectConfigurationPlatforms) = postSolution
		{439FB011-F8C3-40CA-859A-C4C2B3674865}.Debug|Any CPU.ActiveCfg = Debug|Any CPU
		{439FB011-F8C3-40CA-859A-C4C2B3674865}.Debug|Any CPU.Build.0 = Debug|Any CPU
		{439FB011-F8C3-40CA-859A-C4C2B3674865}.Release|Any CPU.ActiveCfg = Release|Any CPU
		{439FB011-F8C3-40CA-859A-C4C2B3674865}.Release|Any CPU.Build.0 = Release|Any CPU
	EndGlobalSection
	GlobalSection(SolutionProperties) = preSolution
		HideSolutionNode = FALSE
	EndGlobalSection
	GlobalSection(ExtensibilityGlobals) = postSolution
		SolutionGuid = {EB076BA9-B9F1-4BD0-8BCE-99804CC7FC96}
	EndGlobalSection
EndGlobal
